
Microsoft Visual Studio Solution File, Format Version 12.00
# Visual Studio Version 16
VisualStudioVersion = 16.0.31702.278
MinimumVisualStudioVersion = 10.0.40219.1
Project("{FAE04EC0-301F-11D3-BF4B-00C04F79EFBC}") = "DAOLibrary", "DAOLibrary\DAOLibrary.csproj", "{5A283B07-6A03-4967-AED0-C4C82C3B98E0}"
EndProject
Project("{2150E333-8FDC-42A3-9474-1A3956D46DE8}") = "1. API Layer", "1. API Layer", "{D4813320-04A4-4C20-97B1-6137ADF3F469}"
EndProject
Project("{2150E333-8FDC-42A3-9474-1A3956D46DE8}") = "2. Business Layer", "2. Business Layer", "{7FB2B4CE-F643-494D-B7EC-FFE8B653C172}"
EndProject
Project("{2150E333-8FDC-42A3-9474-1A3956D46DE8}") = "3. Data Layer", "3. Data Layer", "{4DF218CB-FCA4-4B73-B981-569D7F22D60A}"
EndProject
Project("{FAE04EC0-301F-11D3-BF4B-00C04F79EFBC}") = "DTOLibrary", "DTOLibrary\DTOLibrary.csproj", "{C059B5D1-66C7-4CA5-84AA-063F903D1F9B}"
EndProject
Global
	GlobalSection(SolutionConfigurationPlatforms) = preSolution
		Debug|Any CPU = Debug|Any CPU
		Release|Any CPU = Release|Any CPU
	EndGlobalSection
	GlobalSection(ProjectConfigurationPlatforms) = postSolution
		{5A283B07-6A03-4967-AED0-C4C82C3B98E0}.Debug|Any CPU.ActiveCfg = Debug|Any CPU
		{5A283B07-6A03-4967-AED0-C4C82C3B98E0}.Debug|Any CPU.Build.0 = Debug|Any CPU
		{5A283B07-6A03-4967-AED0-C4C82C3B98E0}.Release|Any CPU.ActiveCfg = Release|Any CPU
		{5A283B07-6A03-4967-AED0-C4C82C3B98E0}.Release|Any CPU.Build.0 = Release|Any CPU
		{C059B5D1-66C7-4CA5-84AA-063F903D1F9B}.Debug|Any CPU.ActiveCfg = Debug|Any CPU
		{C059B5D1-66C7-4CA5-84AA-063F903D1F9B}.Debug|Any CPU.Build.0 = Debug|Any CPU
		{C059B5D1-66C7-4CA5-84AA-063F903D1F9B}.Release|Any CPU.ActiveCfg = Release|Any CPU
		{C059B5D1-66C7-4CA5-84AA-063F903D1F9B}.Release|Any CPU.Build.0 = Release|Any CPU
	EndGlobalSection
	GlobalSection(SolutionProperties) = preSolution
		HideSolutionNode = FALSE
	EndGlobalSection
	GlobalSection(NestedProjects) = preSolution
		{5A283B07-6A03-4967-AED0-C4C82C3B98E0} = {4DF218CB-FCA4-4B73-B981-569D7F22D60A}
		{C059B5D1-66C7-4CA5-84AA-063F903D1F9B} = {7FB2B4CE-F643-494D-B7EC-FFE8B653C172}
	EndGlobalSection
	GlobalSection(ExtensibilityGlobals) = postSolution
		SolutionGuid = {FE88249F-65A6-4356-90C6-D611BE45A74E}
	EndGlobalSection
EndGlobal
